
Microsoft Visual Studio Solution File, Format Version 12.00
# Visual Studio Version 17
VisualStudioVersion = 17.0.31903.59
MinimumVisualStudioVersion = 10.0.40219.1
Project("{9A19103F-16F7-4668-BE54-9A1E7A4F7556}") = "DomainWatcher.Cli", "src\DomainWatcher.Cli\DomainWatcher.Cli.csproj", "{7CBFBB2B-24A5-4EF0-AFAC-CBB32BDCA110}"
EndProject
Project("{9A19103F-16F7-4668-BE54-9A1E7A4F7556}") = "DomainWatcher.Core", "src\DomainWatcher.Core\DomainWatcher.Core.csproj", "{BCA63218-7E18-4090-B092-1DB14EDEB3F0}"
EndProject
Project("{2150E333-8FDC-42A3-9474-1A3956D46DE8}") = "Tests", "Tests", "{1CCCEB6E-33CA-4327-A35C-F01C10DCA13D}"
EndProject
Project("{2150E333-8FDC-42A3-9474-1A3956D46DE8}") = "Solution Items", "Solution Items", "{588ABCD0-C0CF-467A-87CE-22985440F69F}"
	ProjectSection(SolutionItems) = preProject
		.gitignore = .gitignore
		makefile = makefile
		README.md = README.md
	EndProjectSection
EndProject
Project("{9A19103F-16F7-4668-BE54-9A1E7A4F7556}") = "DomainWatcher.Core.IntegrationTests", "tests\DomainWatcher.Core.IntegrationTests\DomainWatcher.Core.IntegrationTests.csproj", "{41B993BD-777D-4A6E-83CA-70FC6CE3568F}"
EndProject
Project("{9A19103F-16F7-4668-BE54-9A1E7A4F7556}") = "DomainWatcher.Infrastructure.Sqlite", "src\DomainWatcher.Infrastructure.Sqlite\DomainWatcher.Infrastructure.Sqlite.csproj", "{D543FC92-81D6-4C0D-AE09-FFCBA947006D}"
EndProject
Project("{9A19103F-16F7-4668-BE54-9A1E7A4F7556}") = "DomainWatcher.Infrastructure.HttpServer", "src\DomainWatcher.Infrastructure.HttpServer\DomainWatcher.Infrastructure.HttpServer.csproj", "{BB28E7D3-69B7-4531-BE0B-530A8E67895F}"
EndProject
Project("{9A19103F-16F7-4668-BE54-9A1E7A4F7556}") = "DomainWatcher.Core.UnitTests", "tests\DomainWatcher.Core.UnitTests\DomainWatcher.Core.UnitTests.csproj", "{8031034A-4F59-4C42-8AC6-6083785F1A3E}"
EndProject
Project("{9A19103F-16F7-4668-BE54-9A1E7A4F7556}") = "DomainWatcher.Infrastructure.HttpServer.IntegrationTests", "tests\DomainWatcher.Infrastructure.HttpServer.IntegrationTests\DomainWatcher.Infrastructure.HttpServer.IntegrationTests.csproj", "{E5A64623-0231-479F-8E10-60FB67CCF158}"
EndProject
Project("{9A19103F-16F7-4668-BE54-9A1E7A4F7556}") = "DomainWatcher.Infrastructure.Sqlite.IntegrationTests", "tests\DomainWatcher.Infrastructure.Sqlite.IntegrationTests\DomainWatcher.Infrastructure.Sqlite.IntegrationTests.csproj", "{8A161A54-A8BA-42C7-8A7C-FD4BC05D0FF0}"
EndProject
Project("{9A19103F-16F7-4668-BE54-9A1E7A4F7556}") = "DomainWatcher.Infrastructure.Cache.Memory", "src\DomainWatcher.Infrastructure.Cache.Memory\DomainWatcher.Infrastructure.Cache.Memory.csproj", "{79D86842-833B-4AD4-B812-10D848F42356}"
EndProject
Project("{9A19103F-16F7-4668-BE54-9A1E7A4F7556}") = "DomainWatcher.E2ETests", "tests\DomainWatcher.E2ETests\DomainWatcher.E2ETests.csproj", "{C71A00D2-BDC3-4A83-A2F9-72CEEFE752B5}"
EndProject
Project("{9A19103F-16F7-4668-BE54-9A1E7A4F7556}") = "DomainWatcher.Infrastructure.Sqlite.SourceGenerator", "src\DomainWatcher.Infrastructure.Sqlite.SourceGenerator\DomainWatcher.Infrastructure.Sqlite.SourceGenerator.csproj", "{B87C2C5A-8BFF-4264-898E-B67AE4925FDA}"
EndProject
Project("{9A19103F-16F7-4668-BE54-9A1E7A4F7556}") = "DomainWatcher.CodeGenerator.Common", "src\DomainWatcher.CodeGenerator.Common\DomainWatcher.CodeGenerator.Common.csproj", "{89AA16B3-AA5A-492F-B669-F0F491BB7177}"
EndProject
Project("{2150E333-8FDC-42A3-9474-1A3956D46DE8}") = "Source Generators", "Source Generators", "{261F75EC-EE4F-44F3-81CF-D6E679864849}"
EndProject
Project("{9A19103F-16F7-4668-BE54-9A1E7A4F7556}") = "DomainWatcher.Core.SourceGenerator", "src\DomainWatcher.Core.SourceGenerator\DomainWatcher.Core.SourceGenerator.csproj", "{5A90DFD6-9FCC-472E-9627-B279EFCB9B7F}"
EndProject
Project("{9A19103F-16F7-4668-BE54-9A1E7A4F7556}") = "DomainWatcher.Cli.SourceGenerator", "src\DomainWatcher.Cli.SourceGenerator\DomainWatcher.Cli.SourceGenerator.csproj", "{7210159F-BC4A-41CF-97EE-B9FCA49B4ED9}"
EndProject
Project("{2150E333-8FDC-42A3-9474-1A3956D46DE8}") = "Libraries", "Libraries", "{8A8C9BBD-BC08-443D-95F0-6C6A68BDCD32}"
EndProject
Global
	GlobalSection(SolutionConfigurationPlatforms) = preSolution
		Debug|Any CPU = Debug|Any CPU
		Release|Any CPU = Release|Any CPU
	EndGlobalSection
	GlobalSection(ProjectConfigurationPlatforms) = postSolution
		{7CBFBB2B-24A5-4EF0-AFAC-CBB32BDCA110}.Debug|Any CPU.ActiveCfg = Debug|Any CPU
		{7CBFBB2B-24A5-4EF0-AFAC-CBB32BDCA110}.Debug|Any CPU.Build.0 = Debug|Any CPU
		{7CBFBB2B-24A5-4EF0-AFAC-CBB32BDCA110}.Release|Any CPU.ActiveCfg = Release|Any CPU
		{7CBFBB2B-24A5-4EF0-AFAC-CBB32BDCA110}.Release|Any CPU.Build.0 = Release|Any CPU
		{BCA63218-7E18-4090-B092-1DB14EDEB3F0}.Debug|Any CPU.ActiveCfg = Debug|Any CPU
		{BCA63218-7E18-4090-B092-1DB14EDEB3F0}.Debug|Any CPU.Build.0 = Debug|Any CPU
		{BCA63218-7E18-4090-B092-1DB14EDEB3F0}.Release|Any CPU.ActiveCfg = Release|Any CPU
		{BCA63218-7E18-4090-B092-1DB14EDEB3F0}.Release|Any CPU.Build.0 = Release|Any CPU
		{41B993BD-777D-4A6E-83CA-70FC6CE3568F}.Debug|Any CPU.ActiveCfg = Debug|Any CPU
		{41B993BD-777D-4A6E-83CA-70FC6CE3568F}.Debug|Any CPU.Build.0 = Debug|Any CPU
		{41B993BD-777D-4A6E-83CA-70FC6CE3568F}.Release|Any CPU.ActiveCfg = Release|Any CPU
		{41B993BD-777D-4A6E-83CA-70FC6CE3568F}.Release|Any CPU.Build.0 = Release|Any CPU
		{D543FC92-81D6-4C0D-AE09-FFCBA947006D}.Debug|Any CPU.ActiveCfg = Debug|Any CPU
		{D543FC92-81D6-4C0D-AE09-FFCBA947006D}.Debug|Any CPU.Build.0 = Debug|Any CPU
		{D543FC92-81D6-4C0D-AE09-FFCBA947006D}.Release|Any CPU.ActiveCfg = Release|Any CPU
		{D543FC92-81D6-4C0D-AE09-FFCBA947006D}.Release|Any CPU.Build.0 = Release|Any CPU
		{BB28E7D3-69B7-4531-BE0B-530A8E67895F}.Debug|Any CPU.ActiveCfg = Debug|Any CPU
		{BB28E7D3-69B7-4531-BE0B-530A8E67895F}.Debug|Any CPU.Build.0 = Debug|Any CPU
		{BB28E7D3-69B7-4531-BE0B-530A8E67895F}.Release|Any CPU.ActiveCfg = Release|Any CPU
		{BB28E7D3-69B7-4531-BE0B-530A8E67895F}.Release|Any CPU.Build.0 = Release|Any CPU
		{8031034A-4F59-4C42-8AC6-6083785F1A3E}.Debug|Any CPU.ActiveCfg = Debug|Any CPU
		{8031034A-4F59-4C42-8AC6-6083785F1A3E}.Debug|Any CPU.Build.0 = Debug|Any CPU
		{8031034A-4F59-4C42-8AC6-6083785F1A3E}.Release|Any CPU.ActiveCfg = Release|Any CPU
		{8031034A-4F59-4C42-8AC6-6083785F1A3E}.Release|Any CPU.Build.0 = Release|Any CPU
		{E5A64623-0231-479F-8E10-60FB67CCF158}.Debug|Any CPU.ActiveCfg = Debug|Any CPU
		{E5A64623-0231-479F-8E10-60FB67CCF158}.Debug|Any CPU.Build.0 = Debug|Any CPU
		{E5A64623-0231-479F-8E10-60FB67CCF158}.Release|Any CPU.ActiveCfg = Release|Any CPU
		{E5A64623-0231-479F-8E10-60FB67CCF158}.Release|Any CPU.Build.0 = Release|Any CPU
		{8A161A54-A8BA-42C7-8A7C-FD4BC05D0FF0}.Debug|Any CPU.ActiveCfg = Debug|Any CPU
		{8A161A54-A8BA-42C7-8A7C-FD4BC05D0FF0}.Debug|Any CPU.Build.0 = Debug|Any CPU
		{8A161A54-A8BA-42C7-8A7C-FD4BC05D0FF0}.Release|Any CPU.ActiveCfg = Release|Any CPU
		{8A161A54-A8BA-42C7-8A7C-FD4BC05D0FF0}.Release|Any CPU.Build.0 = Release|Any CPU
		{79D86842-833B-4AD4-B812-10D848F42356}.Debug|Any CPU.ActiveCfg = Debug|Any CPU
		{79D86842-833B-4AD4-B812-10D848F42356}.Debug|Any CPU.Build.0 = Debug|Any CPU
		{79D86842-833B-4AD4-B812-10D848F42356}.Release|Any CPU.ActiveCfg = Release|Any CPU
		{79D86842-833B-4AD4-B812-10D848F42356}.Release|Any CPU.Build.0 = Release|Any CPU
		{C71A00D2-BDC3-4A83-A2F9-72CEEFE752B5}.Debug|Any CPU.ActiveCfg = Debug|Any CPU
		{C71A00D2-BDC3-4A83-A2F9-72CEEFE752B5}.Debug|Any CPU.Build.0 = Debug|Any CPU
		{C71A00D2-BDC3-4A83-A2F9-72CEEFE752B5}.Release|Any CPU.ActiveCfg = Release|Any CPU
		{C71A00D2-BDC3-4A83-A2F9-72CEEFE752B5}.Release|Any CPU.Build.0 = Release|Any CPU
		{B87C2C5A-8BFF-4264-898E-B67AE4925FDA}.Debug|Any CPU.ActiveCfg = Debug|Any CPU
		{B87C2C5A-8BFF-4264-898E-B67AE4925FDA}.Debug|Any CPU.Build.0 = Debug|Any CPU
		{B87C2C5A-8BFF-4264-898E-B67AE4925FDA}.Release|Any CPU.ActiveCfg = Release|Any CPU
		{B87C2C5A-8BFF-4264-898E-B67AE4925FDA}.Release|Any CPU.Build.0 = Release|Any CPU
		{89AA16B3-AA5A-492F-B669-F0F491BB7177}.Debug|Any CPU.ActiveCfg = Debug|Any CPU
		{89AA16B3-AA5A-492F-B669-F0F491BB7177}.Debug|Any CPU.Build.0 = Debug|Any CPU
		{89AA16B3-AA5A-492F-B669-F0F491BB7177}.Release|Any CPU.ActiveCfg = Release|Any CPU
		{89AA16B3-AA5A-492F-B669-F0F491BB7177}.Release|Any CPU.Build.0 = Release|Any CPU
		{5A90DFD6-9FCC-472E-9627-B279EFCB9B7F}.Debug|Any CPU.ActiveCfg = Debug|Any CPU
		{5A90DFD6-9FCC-472E-9627-B279EFCB9B7F}.Debug|Any CPU.Build.0 = Debug|Any CPU
		{5A90DFD6-9FCC-472E-9627-B279EFCB9B7F}.Release|Any CPU.ActiveCfg = Release|Any CPU
		{5A90DFD6-9FCC-472E-9627-B279EFCB9B7F}.Release|Any CPU.Build.0 = Release|Any CPU
		{7210159F-BC4A-41CF-97EE-B9FCA49B4ED9}.Debug|Any CPU.ActiveCfg = Debug|Any CPU
		{7210159F-BC4A-41CF-97EE-B9FCA49B4ED9}.Debug|Any CPU.Build.0 = Debug|Any CPU
		{7210159F-BC4A-41CF-97EE-B9FCA49B4ED9}.Release|Any CPU.ActiveCfg = Release|Any CPU
		{7210159F-BC4A-41CF-97EE-B9FCA49B4ED9}.Release|Any CPU.Build.0 = Release|Any CPU
	EndGlobalSection
	GlobalSection(SolutionProperties) = preSolution
		HideSolutionNode = FALSE
	EndGlobalSection
	GlobalSection(NestedProjects) = preSolution
		{BCA63218-7E18-4090-B092-1DB14EDEB3F0} = {8A8C9BBD-BC08-443D-95F0-6C6A68BDCD32}
		{41B993BD-777D-4A6E-83CA-70FC6CE3568F} = {1CCCEB6E-33CA-4327-A35C-F01C10DCA13D}
		{D543FC92-81D6-4C0D-AE09-FFCBA947006D} = {8A8C9BBD-BC08-443D-95F0-6C6A68BDCD32}
		{BB28E7D3-69B7-4531-BE0B-530A8E67895F} = {8A8C9BBD-BC08-443D-95F0-6C6A68BDCD32}
		{8031034A-4F59-4C42-8AC6-6083785F1A3E} = {1CCCEB6E-33CA-4327-A35C-F01C10DCA13D}
		{E5A64623-0231-479F-8E10-60FB67CCF158} = {1CCCEB6E-33CA-4327-A35C-F01C10DCA13D}
		{8A161A54-A8BA-42C7-8A7C-FD4BC05D0FF0} = {1CCCEB6E-33CA-4327-A35C-F01C10DCA13D}
		{79D86842-833B-4AD4-B812-10D848F42356} = {8A8C9BBD-BC08-443D-95F0-6C6A68BDCD32}
		{C71A00D2-BDC3-4A83-A2F9-72CEEFE752B5} = {1CCCEB6E-33CA-4327-A35C-F01C10DCA13D}
		{B87C2C5A-8BFF-4264-898E-B67AE4925FDA} = {261F75EC-EE4F-44F3-81CF-D6E679864849}
		{89AA16B3-AA5A-492F-B669-F0F491BB7177} = {261F75EC-EE4F-44F3-81CF-D6E679864849}
		{5A90DFD6-9FCC-472E-9627-B279EFCB9B7F} = {261F75EC-EE4F-44F3-81CF-D6E679864849}
		{7210159F-BC4A-41CF-97EE-B9FCA49B4ED9} = {261F75EC-EE4F-44F3-81CF-D6E679864849}
	EndGlobalSection
	GlobalSection(ExtensibilityGlobals) = postSolution
		SolutionGuid = {6115D4D4-ACA3-45B9-8388-529747C8614D}
	EndGlobalSection
EndGlobal
